
Microsoft Visual Studio Solution File, Format Version 12.00
# Visual Studio 15
VisualStudioVersion = 15.0.27130.2010
MinimumVisualStudioVersion = 10.0.40219.1
Project("{8BC9CEB8-8B4A-11D0-8D11-00A0C91BC942}") = "Launcher", "Launcher\Launcher.vcxproj", "{C40CDEE1-2910-4591-81D7-78841FEB9BDF}"
	ProjectSection(ProjectDependencies) = postProject
		{D700FC3D-0A9D-4933-AA46-38E178622E22} = {D700FC3D-0A9D-4933-AA46-38E178622E22}
	EndProjectSection
EndProject
Project("{8BC9CEB8-8B4A-11D0-8D11-00A0C91BC942}") = "proxy", "proxy\proxy.vcxproj", "{D700FC3D-0A9D-4933-AA46-38E178622E22}"
EndProject
Project("{FAE04EC0-301F-11D3-BF4B-00C04F79EFBC}") = "ModKit", "ModKit\ModKit.csproj", "{2B492C4A-E6A8-4254-B6D0-B7A515C47960}"
EndProject
Project("{FAE04EC0-301F-11D3-BF4B-00C04F79EFBC}") = "CheatScript", "CheatScript\CheatScript.csproj", "{F2ACC7C1-C8DA-4506-9081-1D6AC8AA3CB4}"
	ProjectSection(ProjectDependencies) = postProject
		{2B492C4A-E6A8-4254-B6D0-B7A515C47960} = {2B492C4A-E6A8-4254-B6D0-B7A515C47960}
	EndProjectSection
EndProject
Global
	GlobalSection(SolutionConfigurationPlatforms) = preSolution
		Debug|Any CPU = Debug|Any CPU
		Debug|x64 = Debug|x64
		Debug|x86 = Debug|x86
		Release|Any CPU = Release|Any CPU
		Release|x64 = Release|x64
		Release|x86 = Release|x86
	EndGlobalSection
	GlobalSection(ProjectConfigurationPlatforms) = postSolution
		{C40CDEE1-2910-4591-81D7-78841FEB9BDF}.Debug|Any CPU.ActiveCfg = Debug|x64
		{C40CDEE1-2910-4591-81D7-78841FEB9BDF}.Debug|x64.ActiveCfg = Debug|x64
		{C40CDEE1-2910-4591-81D7-78841FEB9BDF}.Debug|x64.Build.0 = Debug|x64
		{C40CDEE1-2910-4591-81D7-78841FEB9BDF}.Debug|x86.ActiveCfg = Debug|x64
		{C40CDEE1-2910-4591-81D7-78841FEB9BDF}.Release|Any CPU.ActiveCfg = Release|x64
		{C40CDEE1-2910-4591-81D7-78841FEB9BDF}.Release|x64.ActiveCfg = Release|x64
		{C40CDEE1-2910-4591-81D7-78841FEB9BDF}.Release|x64.Build.0 = Release|x64
		{C40CDEE1-2910-4591-81D7-78841FEB9BDF}.Release|x86.ActiveCfg = Release|x64
		{D700FC3D-0A9D-4933-AA46-38E178622E22}.Debug|Any CPU.ActiveCfg = Debug|x64
		{D700FC3D-0A9D-4933-AA46-38E178622E22}.Debug|x64.ActiveCfg = Debug|x64
		{D700FC3D-0A9D-4933-AA46-38E178622E22}.Debug|x64.Build.0 = Debug|x64
		{D700FC3D-0A9D-4933-AA46-38E178622E22}.Debug|x86.ActiveCfg = Debug|x64
		{D700FC3D-0A9D-4933-AA46-38E178622E22}.Release|Any CPU.ActiveCfg = Release|x64
		{D700FC3D-0A9D-4933-AA46-38E178622E22}.Release|x64.ActiveCfg = Release|x64
		{D700FC3D-0A9D-4933-AA46-38E178622E22}.Release|x64.Build.0 = Release|x64
		{D700FC3D-0A9D-4933-AA46-38E178622E22}.Release|x86.ActiveCfg = Release|x64
		{2B492C4A-E6A8-4254-B6D0-B7A515C47960}.Debug|Any CPU.ActiveCfg = Debug|Any CPU
		{2B492C4A-E6A8-4254-B6D0-B7A515C47960}.Debug|Any CPU.Build.0 = Debug|Any CPU
		{2B492C4A-E6A8-4254-B6D0-B7A515C47960}.Debug|x64.ActiveCfg = Debug|x64
		{2B492C4A-E6A8-4254-B6D0-B7A515C47960}.Debug|x64.Build.0 = Debug|x64
		{2B492C4A-E6A8-4254-B6D0-B7A515C47960}.Debug|x86.ActiveCfg = Debug|x86
		{2B492C4A-E6A8-4254-B6D0-B7A515C47960}.Debug|x86.Build.0 = Debug|x86
		{2B492C4A-E6A8-4254-B6D0-B7A515C47960}.Release|Any CPU.ActiveCfg = Release|Any CPU
		{2B492C4A-E6A8-4254-B6D0-B7A515C47960}.Release|Any CPU.Build.0 = Release|Any CPU
		{2B492C4A-E6A8-4254-B6D0-B7A515C47960}.Release|x64.ActiveCfg = Release|x64
		{2B492C4A-E6A8-4254-B6D0-B7A515C47960}.Release|x64.Build.0 = Release|x64
		{2B492C4A-E6A8-4254-B6D0-B7A515C47960}.Release|x86.ActiveCfg = Release|x86
		{2B492C4A-E6A8-4254-B6D0-B7A515C47960}.Release|x86.Build.0 = Release|x86
		{F2ACC7C1-C8DA-4506-9081-1D6AC8AA3CB4}.Debug|Any CPU.ActiveCfg = Debug|Any CPU
		{F2ACC7C1-C8DA-4506-9081-1D6AC8AA3CB4}.Debug|Any CPU.Build.0 = Debug|Any CPU
		{F2ACC7C1-C8DA-4506-9081-1D6AC8AA3CB4}.Debug|x64.ActiveCfg = Debug|Any CPU
		{F2ACC7C1-C8DA-4506-9081-1D6AC8AA3CB4}.Debug|x64.Build.0 = Debug|Any CPU
		{F2ACC7C1-C8DA-4506-9081-1D6AC8AA3CB4}.Debug|x86.ActiveCfg = Debug|Any CPU
		{F2ACC7C1-C8DA-4506-9081-1D6AC8AA3CB4}.Debug|x86.Build.0 = Debug|Any CPU
		{F2ACC7C1-C8DA-4506-9081-1D6AC8AA3CB4}.Release|Any CPU.ActiveCfg = Release|Any CPU
		{F2ACC7C1-C8DA-4506-9081-1D6AC8AA3CB4}.Release|Any CPU.Build.0 = Release|Any CPU
		{F2ACC7C1-C8DA-4506-9081-1D6AC8AA3CB4}.Release|x64.ActiveCfg = Release|Any CPU
		{F2ACC7C1-C8DA-4506-9081-1D6AC8AA3CB4}.Release|x64.Build.0 = Release|Any CPU
		{F2ACC7C1-C8DA-4506-9081-1D6AC8AA3CB4}.Release|x86.ActiveCfg = Release|Any CPU
		{F2ACC7C1-C8DA-4506-9081-1D6AC8AA3CB4}.Release|x86.Build.0 = Release|Any CPU
	EndGlobalSection
	GlobalSection(SolutionProperties) = preSolution
		HideSolutionNode = FALSE
	EndGlobalSection
	GlobalSection(ExtensibilityGlobals) = postSolution
		SolutionGuid = {80E653F7-0500-45D2-A9B9-E1EAE2FD385E}
	EndGlobalSection
EndGlobal
